
Microsoft Visual Studio Solution File, Format Version 12.00
# Visual Studio Version 17
VisualStudioVersion = 17.3.32929.385
MinimumVisualStudioVersion = 10.0.40219.1
Project("{FAE04EC0-301F-11D3-BF4B-00C04F79EFBC}") = "Exec2_Fee", "Exec2_Fee\Exec2_Fee.csproj", "{FACAE683-A143-443F-8FCE-1CED9E65AC46}"
EndProject
Global
	GlobalSection(SolutionConfigurationPlatforms) = preSolution
		Debug|Any CPU = Debug|Any CPU
		Release|Any CPU = Release|Any CPU
	EndGlobalSection
	GlobalSection(ProjectConfigurationPlatforms) = postSolution
		{FACAE683-A143-443F-8FCE-1CED9E65AC46}.Debug|Any CPU.ActiveCfg = Debug|Any CPU
		{FACAE683-A143-443F-8FCE-1CED9E65AC46}.Debug|Any CPU.Build.0 = Debug|Any CPU
		{FACAE683-A143-443F-8FCE-1CED9E65AC46}.Release|Any CPU.ActiveCfg = Release|Any CPU
		{FACAE683-A143-443F-8FCE-1CED9E65AC46}.Release|Any CPU.Build.0 = Release|Any CPU
	EndGlobalSection
	GlobalSection(SolutionProperties) = preSolution
		HideSolutionNode = FALSE
	EndGlobalSection
	GlobalSection(ExtensibilityGlobals) = postSolution
		SolutionGuid = {D3BCB572-0FC2-42E0-80FB-FBA3A55C4B8D}
	EndGlobalSection
EndGlobal
